{
  "nodes": {
    "advisory-db": {
      "flake": false,
      "locked": {
        "lastModified": 1729881936,
        "narHash": "sha256-Fgyr39xQ0tmGhA9aEZW0onvH8QMKXU5osr48Hz4wvp4=",
        "owner": "rustsec",
        "repo": "advisory-db",
        "rev": "c586bd65ec3543e2fe2f21e358f0645220822325",
        "type": "github"
      },
      "original": {
        "owner": "rustsec",
        "repo": "advisory-db",
        "type": "github"
      }
    },
    "alejandra": {
      "inputs": {
        "fenix": "fenix",
        "flakeCompat": "flakeCompat",
        "nixpkgs": [
          "nixpkgs"
        ]
      },
      "locked": {
        "lastModified": 1719514321,
        "narHash": "sha256-ys1nJdZ8zB8JlpUbQmnj0hZalg03bEPgQdZN30DhETE=",
        "owner": "kamadorueda",
        "repo": "alejandra",
        "rev": "d7552fef2ccf1bbf0d36b27f6fddb19073f205b7",
        "type": "github"
      },
      "original": {
        "owner": "kamadorueda",
        "repo": "alejandra",
        "type": "github"
      }
    },
    "alejandra_2": {
      "inputs": {
        "fenix": "fenix_2",
        "flakeCompat": "flakeCompat_2",
        "nixpkgs": [
          "watch-battery",
          "nixpkgs"
        ]
      },
      "locked": {
        "lastModified": 1719514321,
        "narHash": "sha256-ys1nJdZ8zB8JlpUbQmnj0hZalg03bEPgQdZN30DhETE=",
        "owner": "kamadorueda",
        "repo": "alejandra",
        "rev": "d7552fef2ccf1bbf0d36b27f6fddb19073f205b7",
        "type": "github"
      },
      "original": {
        "owner": "kamadorueda",
        "repo": "alejandra",
        "type": "github"
      }
    },
    "cachix": {
      "locked": {
        "lastModified": 1635350005,
        "narHash": "sha256-tAMJnUwfaDEB2aa31jGcu7R7bzGELM9noc91L2PbVjg=",
        "owner": "nixos",
        "repo": "nixpkgs",
        "rev": "1c1f5649bb9c1b0d98637c8c365228f57126f361",
        "type": "github"
      },
      "original": {
        "owner": "nixos",
        "ref": "nixos-20.09",
        "repo": "nixpkgs",
        "type": "github"
      }
    },
    "catppuccin-cava": {
      "flake": false,
      "locked": {
        "lastModified": 1725405604,
        "narHash": "sha256-5AQcCRGaAxP5KFzkJtkKFYq0Ug2xVIEqr2r/k87uWwY=",
        "owner": "catppuccin",
        "repo": "cava",
        "rev": "0746f77974330338ee2e1e4d1ef9872eba57eb26",
        "type": "github"
      },
      "original": {
        "owner": "catppuccin",
        "repo": "cava",
        "type": "github"
      }
    },
    "catppuccin-i3": {
      "flake": false,
      "locked": {
        "lastModified": 1728869535,
        "narHash": "sha256-H+ZueiYkCoBfS8JENLKhL/efFK6WFNDsbiMbTpGROUs=",
        "owner": "catppuccin",
        "repo": "i3",
        "rev": "c072ada05271eec960dc893affe9ac55af63a745",
        "type": "github"
      },
      "original": {
        "owner": "catppuccin",
        "repo": "i3",
        "type": "github"
      }
    },
    "crane": {
      "locked": {
        "lastModified": 1729741221,
        "narHash": "sha256-8AHZZXs1lFkERfBY0C8cZGElSo33D/et7NKEpLRmvzo=",
        "owner": "ipetkov",
        "repo": "crane",
        "rev": "f235b656ee5b2bfd6d94c3bfd67896a575d4a6ed",
        "type": "github"
      },
      "original": {
        "owner": "ipetkov",
        "repo": "crane",
        "type": "github"
      }
    },
    "eww": {
      "inputs": {
        "flake-compat": "flake-compat",
        "nixpkgs": [
          "nixpkgs"
        ],
        "rust-overlay": "rust-overlay"
      },
      "locked": {
        "lastModified": 1728712190,
        "narHash": "sha256-GxbKoS2TQNMeD4dbZn1IU+/BOiYGeVALHVAbZnFc3UU=",
        "owner": "elkowar",
        "repo": "eww",
        "rev": "50ec181fc7ff2a68d6330e8897de2c5179575935",
        "type": "github"
      },
      "original": {
        "owner": "elkowar",
        "repo": "eww",
        "type": "github"
      }
    },
    "fenix": {
      "inputs": {
        "nixpkgs": [
          "alejandra",
          "nixpkgs"
        ],
        "rust-analyzer-src": "rust-analyzer-src"
      },
      "locked": {
        "lastModified": 1668234453,
        "narHash": "sha256-FmuZThToBvRsqCauYJ3l8HJoGLAY5cMULeYEKIaGrRw=",
        "owner": "nix-community",
        "repo": "fenix",
        "rev": "8f219f6b36e8d0d56afa7f67e6e3df63ef013cdb",
        "type": "github"
      },
      "original": {
        "owner": "nix-community",
        "repo": "fenix",
        "type": "github"
      }
    },
    "fenix_2": {
      "inputs": {
        "nixpkgs": [
          "watch-battery",
          "alejandra",
          "nixpkgs"
        ],
        "rust-analyzer-src": "rust-analyzer-src_2"
      },
      "locked": {
        "lastModified": 1668234453,
        "narHash": "sha256-FmuZThToBvRsqCauYJ3l8HJoGLAY5cMULeYEKIaGrRw=",
        "owner": "nix-community",
        "repo": "fenix",
        "rev": "8f219f6b36e8d0d56afa7f67e6e3df63ef013cdb",
        "type": "github"
      },
      "original": {
        "owner": "nix-community",
        "repo": "fenix",
        "type": "github"
      }
    },
    "firefox-nightly": {
      "inputs": {
        "cachix": "cachix",
        "flake-compat": "flake-compat_2",
        "lib-aggregate": "lib-aggregate",
        "mozilla": "mozilla",
        "nixpkgs": [
          "nixpkgs"
        ]
      },
      "locked": {
        "lastModified": 1729946050,
        "narHash": "sha256-jsxSJY8Jyv4S/3h9RcTdXuL0DW8EVhya4kWWWg22Yiw=",
        "owner": "nix-community",
        "repo": "flake-firefox-nightly",
        "rev": "af0076a90f81ab625cdcce80023b87a423a38311",
        "type": "github"
      },
      "original": {
        "owner": "nix-community",
        "repo": "flake-firefox-nightly",
        "type": "github"
      }
    },
    "fishDone": {
      "flake": false,
      "locked": {
        "lastModified": 1712867771,
        "narHash": "sha256-DMIRKRAVOn7YEnuAtz4hIxrU93ULxNoQhW6juxCoh4o=",
        "owner": "franciscolourenco",
        "repo": "done",
        "rev": "eb32ade85c0f2c68cbfcff3036756bbf27a4f366",
        "type": "github"
      },
      "original": {
        "owner": "franciscolourenco",
        "repo": "done",
        "type": "github"
      }
    },
    "flake-compat": {
      "locked": {
        "lastModified": 1709944340,
        "narHash": "sha256-xr54XK0SjczlUxRo5YwodibUSlpivS9bqHt8BNyWVQA=",
        "owner": "edolstra",
        "repo": "flake-compat",
        "rev": "baa7aa7bd0a570b3b9edd0b8da859fee3ffaa4d4",
        "type": "github"
      },
      "original": {
        "owner": "edolstra",
        "ref": "refs/pull/65/head",
        "repo": "flake-compat",
        "type": "github"
      }
    },
    "flake-compat_2": {
      "locked": {
        "lastModified": 1717312683,
        "narHash": "sha256-FrlieJH50AuvagamEvWMIE6D2OAnERuDboFDYAED/dE=",
        "owner": "nix-community",
        "repo": "flake-compat",
        "rev": "38fd3954cf65ce6faf3d0d45cd26059e059f07ea",
        "type": "github"
      },
      "original": {
        "owner": "nix-community",
        "repo": "flake-compat",
        "type": "github"
      }
    },
    "flake-utils": {
      "inputs": {
        "systems": "systems"
      },
      "locked": {
        "lastModified": 1726560853,
        "narHash": "sha256-X6rJYSESBVr3hBoH0WbKE5KvhPU5bloyZ2L4K60/fPQ=",
        "owner": "numtide",
        "repo": "flake-utils",
        "rev": "c1dfcf08411b08f6b8615f7d8971a2bfa81d5e8a",
        "type": "github"
      },
      "original": {
        "owner": "numtide",
        "repo": "flake-utils",
        "type": "github"
      }
    },
    "flake-utils_2": {
      "locked": {
        "lastModified": 1667395993,
        "narHash": "sha256-nuEHfE/LcWyuSWnS8t12N1wc105Qtau+/OdUAjtQ0rA=",
        "owner": "numtide",
        "repo": "flake-utils",
        "rev": "5aed5285a952e0b949eb3ba02c12fa4fcfef535f",
        "type": "github"
      },
      "original": {
        "owner": "numtide",
        "repo": "flake-utils",
        "type": "github"
      }
    },
    "flakeCompat": {
      "flake": false,
      "locked": {
        "lastModified": 1650374568,
        "narHash": "sha256-Z+s0J8/r907g149rllvwhb4pKi8Wam5ij0st8PwAh+E=",
        "owner": "edolstra",
        "repo": "flake-compat",
        "rev": "b4a34015c698c7793d592d66adbab377907a2be8",
        "type": "github"
      },
      "original": {
        "owner": "edolstra",
        "repo": "flake-compat",
        "type": "github"
      }
    },
    "flakeCompat_2": {
      "flake": false,
      "locked": {
        "lastModified": 1650374568,
        "narHash": "sha256-Z+s0J8/r907g149rllvwhb4pKi8Wam5ij0st8PwAh+E=",
        "owner": "edolstra",
        "repo": "flake-compat",
        "rev": "b4a34015c698c7793d592d66adbab377907a2be8",
        "type": "github"
      },
      "original": {
        "owner": "edolstra",
        "repo": "flake-compat",
        "type": "github"
      }
    },
    "helixSrc": {
      "flake": false,
      "locked": {
        "lastModified": 1729690460,
        "narHash": "sha256-x8qkGujBPuOefXPyjcaB8Ot0IYkQBy6O2ZYb8NrnB3k=",
        "owner": "helix-editor",
        "repo": "helix",
        "rev": "101a74bf6edbbfdf9b0628a0bdbbc307ebe10ff2",
        "type": "github"
      },
      "original": {
        "owner": "helix-editor",
        "repo": "helix",
        "type": "github"
      }
    },
    "kitty": {
      "flake": false,
      "locked": {
        "lastModified": 1729866774,
        "narHash": "sha256-GZSdu85wgaZ5I+xPFSpXxt8Fk65MPO0FoSJcN7KzLVU=",
        "owner": "kovidgoyal",
        "repo": "kitty",
        "rev": "ccd2ca88d4e952e64c7517759ac5c45da95d53cb",
        "type": "github"
      },
      "original": {
        "owner": "kovidgoyal",
        "repo": "kitty",
        "type": "github"
      }
    },
    "lib-aggregate": {
      "inputs": {
        "flake-utils": "flake-utils",
        "nixpkgs-lib": "nixpkgs-lib"
      },
      "locked": {
        "lastModified": 1729426412,
        "narHash": "sha256-VGbpECf35W4LtWLfx2+ue8zZEPwKQnadJadlT8E1Ceo=",
        "owner": "nix-community",
        "repo": "lib-aggregate",
        "rev": "736c43de3c953104e1610183d56e90b419c6344e",
        "type": "github"
      },
      "original": {
        "owner": "nix-community",
        "repo": "lib-aggregate",
        "type": "github"
      }
    },
    "mozilla": {
      "flake": false,
      "locked": {
        "lastModified": 1704373101,
        "narHash": "sha256-+gi59LRWRQmwROrmE1E2b3mtocwueCQqZ60CwLG+gbg=",
        "owner": "mozilla",
        "repo": "nixpkgs-mozilla",
        "rev": "9b11a87c0cc54e308fa83aac5b4ee1816d5418a2",
        "type": "github"
      },
      "original": {
        "owner": "mozilla",
        "repo": "nixpkgs-mozilla",
        "type": "github"
      }
    },
    "mozilla_2": {
      "locked": {
        "lastModified": 1704373101,
        "narHash": "sha256-+gi59LRWRQmwROrmE1E2b3mtocwueCQqZ60CwLG+gbg=",
        "owner": "mozilla",
        "repo": "nixpkgs-mozilla",
        "rev": "9b11a87c0cc54e308fa83aac5b4ee1816d5418a2",
        "type": "github"
      },
      "original": {
        "owner": "mozilla",
        "repo": "nixpkgs-mozilla",
        "type": "github"
      }
    },
    "nixpkgs": {
      "locked": {
        "lastModified": 1729850857,
        "narHash": "sha256-WvLXzNNnnw+qpFOmgaM3JUlNEH+T4s22b5i2oyyCpXE=",
        "owner": "NixOS",
        "repo": "nixpkgs",
        "rev": "41dea55321e5a999b17033296ac05fe8a8b5a257",
        "type": "github"
      },
      "original": {
        "owner": "NixOS",
        "ref": "nixpkgs-unstable",
        "repo": "nixpkgs",
        "type": "github"
      }
    },
    "nixpkgs-lib": {
      "locked": {
        "lastModified": 1729386149,
        "narHash": "sha256-hUP9oxmnOmNnKcDOf5Y55HQ+NnoT0+bLWHLQWLLw9Ks=",
        "owner": "nix-community",
        "repo": "nixpkgs.lib",
        "rev": "cce4521b6df014e79a7b7afc58c703ed683c916e",
        "type": "github"
      },
      "original": {
        "owner": "nix-community",
        "repo": "nixpkgs.lib",
        "type": "github"
      }
    },
    "root": {
      "inputs": {
        "alejandra": "alejandra",
        "catppuccin-cava": "catppuccin-cava",
        "catppuccin-i3": "catppuccin-i3",
        "eww": "eww",
        "firefox-nightly": "firefox-nightly",
        "fishDone": "fishDone",
        "helixSrc": "helixSrc",
        "kitty": "kitty",
        "mozilla": "mozilla_2",
        "nixpkgs": "nixpkgs",
        "swww": "swww",
        "tokyonight": "tokyonight",
        "watch-battery": "watch-battery",
        "yofi": "yofi"
      }
    },
    "rust-analyzer-src": {
      "flake": false,
      "locked": {
        "lastModified": 1668182250,
        "narHash": "sha256-PYGaOCiFvnJdVz+ZCaKF8geGdffXjJUNcMwaBHv0FT4=",
        "owner": "rust-lang",
        "repo": "rust-analyzer",
        "rev": "45ec315e01dc8dd1146dfeb65f0ef6e5c2efed78",
        "type": "github"
      },
      "original": {
        "owner": "rust-lang",
        "ref": "nightly",
        "repo": "rust-analyzer",
        "type": "github"
      }
    },
    "rust-analyzer-src_2": {
      "flake": false,
      "locked": {
        "lastModified": 1668182250,
        "narHash": "sha256-PYGaOCiFvnJdVz+ZCaKF8geGdffXjJUNcMwaBHv0FT4=",
        "owner": "rust-lang",
        "repo": "rust-analyzer",
        "rev": "45ec315e01dc8dd1146dfeb65f0ef6e5c2efed78",
        "type": "github"
      },
      "original": {
        "owner": "rust-lang",
        "ref": "nightly",
        "repo": "rust-analyzer",
        "type": "github"
      }
    },
    "rust-overlay": {
      "inputs": {
        "nixpkgs": [
          "eww",
          "nixpkgs"
        ]
      },
      "locked": {
        "lastModified": 1725675754,
        "narHash": "sha256-hXW3csqePOcF2e/PYnpXj72KEYyNj2HzTrVNmS/F7Ug=",
        "owner": "oxalica",
        "repo": "rust-overlay",
        "rev": "8cc45e678e914a16c8e224c3237fb07cf21e5e54",
        "type": "github"
      },
      "original": {
        "owner": "oxalica",
        "repo": "rust-overlay",
        "type": "github"
      }
    },
    "rust-overlay_2": {
      "inputs": {
        "nixpkgs": [
          "watch-battery",
          "nixpkgs"
        ]
      },
      "locked": {
        "lastModified": 1729909612,
        "narHash": "sha256-eXqxxbOagphPfjPptSlv0pQONB3fH15CQ4G8uCu1BW4=",
        "owner": "oxalica",
        "repo": "rust-overlay",
        "rev": "17cadbc36da05e75197d082decb382a5f4208e30",
        "type": "github"
      },
      "original": {
        "owner": "oxalica",
        "repo": "rust-overlay",
        "type": "github"
      }
    },
    "swww": {
      "flake": false,
      "locked": {
        "lastModified": 1729719821,
        "narHash": "sha256-9ipYYIw2QtmGaSlq3gMNP9gtpEezxfg/GomNrh58k9k=",
        "owner": "horus645",
        "repo": "swww",
        "rev": "51428631811f6267f6aed4ff9d5d70e6213704e8",
        "type": "github"
      },
      "original": {
        "owner": "horus645",
        "repo": "swww",
        "type": "github"
      }
    },
    "systems": {
      "locked": {
        "lastModified": 1681028828,
        "narHash": "sha256-Vy1rq5AaRuLzOxct8nz4T6wlgyUR7zLU309k9mBC768=",
        "owner": "nix-systems",
        "repo": "default",
        "rev": "da67096a3b9bf56a91d16901293e51ba5b49a27e",
        "type": "github"
      },
      "original": {
        "owner": "nix-systems",
        "repo": "default",
        "type": "github"
      }
    },
    "tokyonight": {
      "flake": false,
      "locked": {
        "lastModified": 1729783383,
        "narHash": "sha256-Acq0YekB90QF54SnTkgzZC6dRGIn6eRzqMmAvRaQDIU=",
        "owner": "folke",
        "repo": "tokyonight.nvim",
        "rev": "2e1daa1d164ad8cc3e99b44ca68e990888a66038",
        "type": "github"
      },
      "original": {
        "owner": "folke",
        "repo": "tokyonight.nvim",
        "type": "github"
      }
    },
    "watch-battery": {
      "inputs": {
        "advisory-db": "advisory-db",
        "alejandra": "alejandra_2",
        "crane": "crane",
        "nixpkgs": [
          "nixpkgs"
        ],
        "rust-overlay": "rust-overlay_2"
      },
      "locked": {
        "lastModified": 1729948068,
        "narHash": "sha256-gaszOcpToDS7m+LkR5/WNJpUDDVxP2o38nIsGKzfGCA=",
        "ref": "refs/heads/main",
        "rev": "21ec3276a17a9abde7b4ffdecfdbca12272663ef",
        "revCount": 42,
        "type": "git",
        "url": "https://git.ashwalker.net/ash/watch-battery"
      },
      "original": {
        "type": "git",
        "url": "https://git.ashwalker.net/ash/watch-battery"
      }
    },
    "yofi": {
      "inputs": {
        "flake-utils": "flake-utils_2",
        "nixpkgs": [
          "nixpkgs"
        ]
      },
      "locked": {
        "lastModified": 1710116014,
        "narHash": "sha256-cepAZyA4RBgqeF20g6YOlZTM0aRqErw17yuQ3U24UEg=",
        "owner": "l4l",
        "repo": "yofi",
        "rev": "be3e9dc462af415b9da46c1df98ebc8af957f838",
        "type": "github"
      },
      "original": {
        "owner": "l4l",
        "ref": "0.2.2",
        "repo": "yofi",
        "type": "github"
      }
    }
  },
  "root": "root",
  "version": 7
}
