{
  "nodes": {
    "advisory-db": {
      "flake": false,
      "locked": {
        "lastModified": 1743010700,
        "narHash": "sha256-d9FfIr6rTqZZf7VMoN4x7Vbh25sZDOyIRiww8VP35dI=",
        "owner": "rustsec",
        "repo": "advisory-db",
        "rev": "dcb888ca5316d76d47387419fce1ee201764b9d0",
        "type": "github"
      },
      "original": {
        "owner": "rustsec",
        "repo": "advisory-db",
        "type": "github"
      }
    },
    "alejandra": {
      "inputs": {
        "fenix": "fenix",
        "flakeCompat": "flakeCompat",
        "nixpkgs": [
          "nixpkgs"
        ]
      },
      "locked": {
        "lastModified": 1740354050,
        "narHash": "sha256-1tQe1SzaSlWK/O3G08PtZUmy2biDS+kD6ndyQw1vvI8=",
        "owner": "kamadorueda",
        "repo": "alejandra",
        "rev": "bf8c8250817499cabeb810333f2b9ce958d33e0e",
        "type": "github"
      },
      "original": {
        "owner": "kamadorueda",
        "repo": "alejandra",
        "type": "github"
      }
    },
    "alejandra_2": {
      "inputs": {
        "fenix": "fenix_2",
        "flakeCompat": "flakeCompat_2",
        "nixpkgs": [
          "watch-battery",
          "nixpkgs"
        ]
      },
      "locked": {
        "lastModified": 1740354050,
        "narHash": "sha256-1tQe1SzaSlWK/O3G08PtZUmy2biDS+kD6ndyQw1vvI8=",
        "owner": "kamadorueda",
        "repo": "alejandra",
        "rev": "bf8c8250817499cabeb810333f2b9ce958d33e0e",
        "type": "github"
      },
      "original": {
        "owner": "kamadorueda",
        "repo": "alejandra",
        "type": "github"
      }
    },
    "catppuccin-cava": {
      "flake": false,
      "locked": {
        "lastModified": 1725405604,
        "narHash": "sha256-5AQcCRGaAxP5KFzkJtkKFYq0Ug2xVIEqr2r/k87uWwY=",
        "owner": "catppuccin",
        "repo": "cava",
        "rev": "0746f77974330338ee2e1e4d1ef9872eba57eb26",
        "type": "github"
      },
      "original": {
        "owner": "catppuccin",
        "repo": "cava",
        "type": "github"
      }
    },
    "catppuccin-i3": {
      "flake": false,
      "locked": {
        "lastModified": 1728869535,
        "narHash": "sha256-H+ZueiYkCoBfS8JENLKhL/efFK6WFNDsbiMbTpGROUs=",
        "owner": "catppuccin",
        "repo": "i3",
        "rev": "c072ada05271eec960dc893affe9ac55af63a745",
        "type": "github"
      },
      "original": {
        "owner": "catppuccin",
        "repo": "i3",
        "type": "github"
      }
    },
    "crane": {
      "locked": {
        "lastModified": 1742394900,
        "narHash": "sha256-vVOAp9ahvnU+fQoKd4SEXB2JG2wbENkpqcwlkIXgUC0=",
        "owner": "ipetkov",
        "repo": "crane",
        "rev": "70947c1908108c0c551ddfd73d4f750ff2ea67cd",
        "type": "github"
      },
      "original": {
        "owner": "ipetkov",
        "repo": "crane",
        "type": "github"
      }
    },
    "eww": {
      "inputs": {
        "flake-compat": "flake-compat",
        "nixpkgs": [
          "nixpkgs"
        ],
        "rust-overlay": [
          "rust-overlay"
        ]
      },
      "locked": {
        "lastModified": 1742929689,
        "narHash": "sha256-T9OZ8jke2T73Zeqt8VekH82ar23AV7llA7ta8b7HP2o=",
        "owner": "elkowar",
        "repo": "eww",
        "rev": "a9aa0f96892f20e4741e94f4cd46ca31106e492c",
        "type": "github"
      },
      "original": {
        "owner": "elkowar",
        "repo": "eww",
        "type": "github"
      }
    },
    "fenix": {
      "inputs": {
        "nixpkgs": [
          "alejandra",
          "nixpkgs"
        ],
        "rust-analyzer-src": "rust-analyzer-src"
      },
      "locked": {
        "lastModified": 1730615655,
        "narHash": "sha256-2HBR3zLn57LXKNRtxBb+O+uDqHM4n0pz51rPayMl4cg=",
        "owner": "nix-community",
        "repo": "fenix",
        "rev": "efeb50e2535b17ffd4a135e6e3e5fd60a525180c",
        "type": "github"
      },
      "original": {
        "owner": "nix-community",
        "repo": "fenix",
        "type": "github"
      }
    },
    "fenix_2": {
      "inputs": {
        "nixpkgs": [
          "watch-battery",
          "alejandra",
          "nixpkgs"
        ],
        "rust-analyzer-src": "rust-analyzer-src_2"
      },
      "locked": {
        "lastModified": 1730615655,
        "narHash": "sha256-2HBR3zLn57LXKNRtxBb+O+uDqHM4n0pz51rPayMl4cg=",
        "owner": "nix-community",
        "repo": "fenix",
        "rev": "efeb50e2535b17ffd4a135e6e3e5fd60a525180c",
        "type": "github"
      },
      "original": {
        "owner": "nix-community",
        "repo": "fenix",
        "type": "github"
      }
    },
    "firefox-nightly": {
      "inputs": {
        "flake-compat": "flake-compat_2",
        "lib-aggregate": "lib-aggregate",
        "nixpkgs": [
          "nixpkgs"
        ]
      },
      "locked": {
        "lastModified": 1743117536,
        "narHash": "sha256-9lIKlA+HNc61YJkhhFjotI/Q11YR6W3L2/yVLbLTwSk=",
        "owner": "nix-community",
        "repo": "flake-firefox-nightly",
        "rev": "d0b4f773d940bf12d3b3d91a1e47ba3bb962a2fd",
        "type": "github"
      },
      "original": {
        "owner": "nix-community",
        "repo": "flake-firefox-nightly",
        "type": "github"
      }
    },
    "fishDone": {
      "flake": false,
      "locked": {
        "lastModified": 1712867771,
        "narHash": "sha256-DMIRKRAVOn7YEnuAtz4hIxrU93ULxNoQhW6juxCoh4o=",
        "owner": "franciscolourenco",
        "repo": "done",
        "rev": "eb32ade85c0f2c68cbfcff3036756bbf27a4f366",
        "type": "github"
      },
      "original": {
        "owner": "franciscolourenco",
        "repo": "done",
        "type": "github"
      }
    },
    "flake-compat": {
      "locked": {
        "lastModified": 1709944340,
        "narHash": "sha256-xr54XK0SjczlUxRo5YwodibUSlpivS9bqHt8BNyWVQA=",
        "owner": "edolstra",
        "repo": "flake-compat",
        "rev": "baa7aa7bd0a570b3b9edd0b8da859fee3ffaa4d4",
        "type": "github"
      },
      "original": {
        "owner": "edolstra",
        "ref": "refs/pull/65/head",
        "repo": "flake-compat",
        "type": "github"
      }
    },
    "flake-compat_2": {
      "locked": {
        "lastModified": 1717312683,
        "narHash": "sha256-FrlieJH50AuvagamEvWMIE6D2OAnERuDboFDYAED/dE=",
        "owner": "nix-community",
        "repo": "flake-compat",
        "rev": "38fd3954cf65ce6faf3d0d45cd26059e059f07ea",
        "type": "github"
      },
      "original": {
        "owner": "nix-community",
        "repo": "flake-compat",
        "type": "github"
      }
    },
    "flake-utils": {
      "inputs": {
        "systems": "systems"
      },
      "locked": {
        "lastModified": 1731533236,
        "narHash": "sha256-l0KFg5HjrsfsO/JpG+r7fRrqm12kzFHyUHqHCVpMMbI=",
        "owner": "numtide",
        "repo": "flake-utils",
        "rev": "11707dc2f618dd54ca8739b309ec4fc024de578b",
        "type": "github"
      },
      "original": {
        "owner": "numtide",
        "repo": "flake-utils",
        "type": "github"
      }
    },
    "flake-utils_2": {
      "locked": {
        "lastModified": 1667395993,
        "narHash": "sha256-nuEHfE/LcWyuSWnS8t12N1wc105Qtau+/OdUAjtQ0rA=",
        "owner": "numtide",
        "repo": "flake-utils",
        "rev": "5aed5285a952e0b949eb3ba02c12fa4fcfef535f",
        "type": "github"
      },
      "original": {
        "owner": "numtide",
        "repo": "flake-utils",
        "type": "github"
      }
    },
    "flakeCompat": {
      "flake": false,
      "locked": {
        "lastModified": 1696426674,
        "narHash": "sha256-kvjfFW7WAETZlt09AgDn1MrtKzP7t90Vf7vypd3OL1U=",
        "owner": "edolstra",
        "repo": "flake-compat",
        "rev": "0f9255e01c2351cc7d116c072cb317785dd33b33",
        "type": "github"
      },
      "original": {
        "owner": "edolstra",
        "repo": "flake-compat",
        "type": "github"
      }
    },
    "flakeCompat_2": {
      "flake": false,
      "locked": {
        "lastModified": 1696426674,
        "narHash": "sha256-kvjfFW7WAETZlt09AgDn1MrtKzP7t90Vf7vypd3OL1U=",
        "owner": "edolstra",
        "repo": "flake-compat",
        "rev": "0f9255e01c2351cc7d116c072cb317785dd33b33",
        "type": "github"
      },
      "original": {
        "owner": "edolstra",
        "repo": "flake-compat",
        "type": "github"
      }
    },
    "helixSrc": {
      "flake": false,
      "locked": {
        "lastModified": 1743094823,
        "narHash": "sha256-ZWBc4zCMlJXn5u6JN9lZLOasIaTqxc6RHEKP7w6Ktq4=",
        "owner": "helix-editor",
        "repo": "helix",
        "rev": "7929c0719d739e248adfd80cd7e5b8e386a43938",
        "type": "github"
      },
      "original": {
        "owner": "helix-editor",
        "repo": "helix",
        "type": "github"
      }
    },
    "kitty": {
      "flake": false,
      "locked": {
        "lastModified": 1743142787,
        "narHash": "sha256-JVBh9KEKco7ewRpAq/tNxNRNhaH/74cWj9BJeEWQNn0=",
        "owner": "kovidgoyal",
        "repo": "kitty",
        "rev": "56b49c49fbc602c58dc5e7c1afb977aa525d38cd",
        "type": "github"
      },
      "original": {
        "owner": "kovidgoyal",
        "repo": "kitty",
        "type": "github"
      }
    },
    "lib-aggregate": {
      "inputs": {
        "flake-utils": "flake-utils",
        "nixpkgs-lib": "nixpkgs-lib"
      },
      "locked": {
        "lastModified": 1742732002,
        "narHash": "sha256-fznNOUwLtsnaFHIeHfmj1QxOhjiohM2oiGj/54IO+AI=",
        "owner": "nix-community",
        "repo": "lib-aggregate",
        "rev": "00480968bd30f3f43bcd520046bb647833bf2cf2",
        "type": "github"
      },
      "original": {
        "owner": "nix-community",
        "repo": "lib-aggregate",
        "type": "github"
      }
    },
    "mozilla": {
      "locked": {
        "lastModified": 1740762144,
        "narHash": "sha256-I7a6e3IYJAp9u3PwUSW1+oilO1tAfnbeN3/YJQ+ObCo=",
        "owner": "mozilla",
        "repo": "nixpkgs-mozilla",
        "rev": "e35b0e071cae97469d80222be988fdd972b22c3b",
        "type": "github"
      },
      "original": {
        "owner": "mozilla",
        "repo": "nixpkgs-mozilla",
        "type": "github"
      }
    },
    "nixpkgs": {
      "locked": {
        "lastModified": 1743076231,
        "narHash": "sha256-yQugdVfi316qUfqzN8JMaA2vixl+45GxNm4oUfXlbgw=",
        "owner": "NixOS",
        "repo": "nixpkgs",
        "rev": "6c5963357f3c1c840201eda129a99d455074db04",
        "type": "github"
      },
      "original": {
        "owner": "NixOS",
        "ref": "nixpkgs-unstable",
        "repo": "nixpkgs",
        "type": "github"
      }
    },
    "nixpkgs-lib": {
      "locked": {
        "lastModified": 1742692082,
        "narHash": "sha256-s3XOULQj7BVO7myY5V4Sob0tRZ7nRpwEOIzXg/MkD/Q=",
        "owner": "nix-community",
        "repo": "nixpkgs.lib",
        "rev": "a09310bc940f245e51b1ffea68731244ca38f2bd",
        "type": "github"
      },
      "original": {
        "owner": "nix-community",
        "repo": "nixpkgs.lib",
        "type": "github"
      }
    },
    "root": {
      "inputs": {
        "alejandra": "alejandra",
        "catppuccin-cava": "catppuccin-cava",
        "catppuccin-i3": "catppuccin-i3",
        "eww": "eww",
        "firefox-nightly": "firefox-nightly",
        "fishDone": "fishDone",
        "helixSrc": "helixSrc",
        "kitty": "kitty",
        "mozilla": "mozilla",
        "nixpkgs": "nixpkgs",
        "rust-overlay": "rust-overlay",
        "swww": "swww",
        "tokyonight": "tokyonight",
        "watch-battery": "watch-battery",
        "yofi": "yofi"
      }
    },
    "rust-analyzer-src": {
      "flake": false,
      "locked": {
        "lastModified": 1730555913,
        "narHash": "sha256-KNHZUlqsEibg3YtfUyOFQSofP8hp1HKoY+laoesBxRM=",
        "owner": "rust-lang",
        "repo": "rust-analyzer",
        "rev": "f17a5bbfd0969ba2e63a74505a80e55ecb174ed9",
        "type": "github"
      },
      "original": {
        "owner": "rust-lang",
        "ref": "nightly",
        "repo": "rust-analyzer",
        "type": "github"
      }
    },
    "rust-analyzer-src_2": {
      "flake": false,
      "locked": {
        "lastModified": 1730555913,
        "narHash": "sha256-KNHZUlqsEibg3YtfUyOFQSofP8hp1HKoY+laoesBxRM=",
        "owner": "rust-lang",
        "repo": "rust-analyzer",
        "rev": "f17a5bbfd0969ba2e63a74505a80e55ecb174ed9",
        "type": "github"
      },
      "original": {
        "owner": "rust-lang",
        "ref": "nightly",
        "repo": "rust-analyzer",
        "type": "github"
      }
    },
    "rust-overlay": {
      "inputs": {
        "nixpkgs": [
          "nixpkgs"
        ]
      },
      "locked": {
        "lastModified": 1743129211,
        "narHash": "sha256-gE8t+U9miTwm2NYWS9dFY8H1/QB4ifaFDq1KdV9KEqo=",
        "owner": "oxalica",
        "repo": "rust-overlay",
        "rev": "f93da1d26ba9963f34f94a6872b67a7939699543",
        "type": "github"
      },
      "original": {
        "owner": "oxalica",
        "repo": "rust-overlay",
        "type": "github"
      }
    },
    "rust-overlay_2": {
      "inputs": {
        "nixpkgs": [
          "watch-battery",
          "nixpkgs"
        ]
      },
      "locked": {
        "lastModified": 1743129211,
        "narHash": "sha256-gE8t+U9miTwm2NYWS9dFY8H1/QB4ifaFDq1KdV9KEqo=",
        "owner": "oxalica",
        "repo": "rust-overlay",
        "rev": "f93da1d26ba9963f34f94a6872b67a7939699543",
        "type": "github"
      },
      "original": {
        "owner": "oxalica",
        "repo": "rust-overlay",
        "type": "github"
      }
    },
    "swww": {
      "flake": false,
      "locked": {
        "lastModified": 1741196160,
        "narHash": "sha256-brdkJiO8RGebFz9lElNNDYKGmfuQiGuuy30eKoFhUbY=",
        "owner": "horus645",
        "repo": "swww",
        "rev": "412326e40a399e61e15a31147569e97c69900dba",
        "type": "github"
      },
      "original": {
        "owner": "horus645",
        "repo": "swww",
        "type": "github"
      }
    },
    "systems": {
      "locked": {
        "lastModified": 1681028828,
        "narHash": "sha256-Vy1rq5AaRuLzOxct8nz4T6wlgyUR7zLU309k9mBC768=",
        "owner": "nix-systems",
        "repo": "default",
        "rev": "da67096a3b9bf56a91d16901293e51ba5b49a27e",
        "type": "github"
      },
      "original": {
        "owner": "nix-systems",
        "repo": "default",
        "type": "github"
      }
    },
    "tokyonight": {
      "flake": false,
      "locked": {
        "lastModified": 1739909711,
        "narHash": "sha256-1xZhQR1BhH2eqax0swlNtnPWIEUTxSOab6sQ3Fv9WQA=",
        "owner": "folke",
        "repo": "tokyonight.nvim",
        "rev": "057ef5d260c1931f1dffd0f052c685dcd14100a3",
        "type": "github"
      },
      "original": {
        "owner": "folke",
        "repo": "tokyonight.nvim",
        "type": "github"
      }
    },
    "watch-battery": {
      "inputs": {
        "advisory-db": "advisory-db",
        "alejandra": "alejandra_2",
        "crane": "crane",
        "nixpkgs": [
          "nixpkgs"
        ],
        "rust-overlay": "rust-overlay_2"
      },
      "locked": {
        "lastModified": 1743162238,
        "narHash": "sha256-SDp6T3aThIPqtBVhkxu0hrG0qiujh5NzJSUC/kamWO8=",
        "ref": "refs/heads/main",
        "rev": "90ab1eeb59b31c50a1a30ef67daeff5cc92d7c24",
        "revCount": 68,
        "type": "git",
        "url": "https://git.ashwalker.net/ash/watch-battery"
      },
      "original": {
        "type": "git",
        "url": "https://git.ashwalker.net/ash/watch-battery"
      }
    },
    "yofi": {
      "inputs": {
        "flake-utils": "flake-utils_2",
        "nixpkgs": [
          "nixpkgs"
        ]
      },
      "locked": {
        "lastModified": 1710116014,
        "narHash": "sha256-cepAZyA4RBgqeF20g6YOlZTM0aRqErw17yuQ3U24UEg=",
        "owner": "l4l",
        "repo": "yofi",
        "rev": "be3e9dc462af415b9da46c1df98ebc8af957f838",
        "type": "github"
      },
      "original": {
        "owner": "l4l",
        "ref": "0.2.2",
        "repo": "yofi",
        "type": "github"
      }
    }
  },
  "root": "root",
  "version": 7
}
