{
  "nodes": {
    "advisory-db": {
      "flake": false,
      "locked": {
        "lastModified": 1746174207,
        "narHash": "sha256-/ZPWm1dsz3tXREXGQfa/W6UsQ+J3Pvi0A0U1DZVgLqU=",
        "owner": "rustsec",
        "repo": "advisory-db",
        "rev": "4584ad9a5ea16ce196317cf4d3593e974fb4a8a1",
        "type": "github"
      },
      "original": {
        "owner": "rustsec",
        "repo": "advisory-db",
        "type": "github"
      }
    },
    "alejandra": {
      "inputs": {
        "fenix": "fenix",
        "flakeCompat": "flakeCompat",
        "nixpkgs": [
          "nixpkgs"
        ]
      },
      "locked": {
        "lastModified": 1744400328,
        "narHash": "sha256-HmjQFhAjABFY4gJtptJ1zpGq9CVJCmo7pmmfl+X5UN0=",
        "owner": "kamadorueda",
        "repo": "alejandra",
        "rev": "33cb45569dfb22d4cc3c3fa859ee9b7baf1fa38f",
        "type": "github"
      },
      "original": {
        "owner": "kamadorueda",
        "repo": "alejandra",
        "type": "github"
      }
    },
    "alejandra_2": {
      "inputs": {
        "fenix": "fenix_2",
        "flakeCompat": "flakeCompat_2",
        "nixpkgs": [
          "watch-battery",
          "nixpkgs"
        ]
      },
      "locked": {
        "lastModified": 1744400328,
        "narHash": "sha256-HmjQFhAjABFY4gJtptJ1zpGq9CVJCmo7pmmfl+X5UN0=",
        "owner": "kamadorueda",
        "repo": "alejandra",
        "rev": "33cb45569dfb22d4cc3c3fa859ee9b7baf1fa38f",
        "type": "github"
      },
      "original": {
        "owner": "kamadorueda",
        "repo": "alejandra",
        "type": "github"
      }
    },
    "catppuccin-cava": {
      "flake": false,
      "locked": {
        "lastModified": 1725405604,
        "narHash": "sha256-5AQcCRGaAxP5KFzkJtkKFYq0Ug2xVIEqr2r/k87uWwY=",
        "owner": "catppuccin",
        "repo": "cava",
        "rev": "0746f77974330338ee2e1e4d1ef9872eba57eb26",
        "type": "github"
      },
      "original": {
        "owner": "catppuccin",
        "repo": "cava",
        "type": "github"
      }
    },
    "catppuccin-i3": {
      "flake": false,
      "locked": {
        "lastModified": 1728869535,
        "narHash": "sha256-H+ZueiYkCoBfS8JENLKhL/efFK6WFNDsbiMbTpGROUs=",
        "owner": "catppuccin",
        "repo": "i3",
        "rev": "c072ada05271eec960dc893affe9ac55af63a745",
        "type": "github"
      },
      "original": {
        "owner": "catppuccin",
        "repo": "i3",
        "type": "github"
      }
    },
    "crane": {
      "locked": {
        "lastModified": 1746291859,
        "narHash": "sha256-DdWJLA+D5tcmrRSg5Y7tp/qWaD05ATI4Z7h22gd1h7Q=",
        "owner": "ipetkov",
        "repo": "crane",
        "rev": "dfd9a8dfd09db9aad544c4d3b6c47b12562544a5",
        "type": "github"
      },
      "original": {
        "owner": "ipetkov",
        "repo": "crane",
        "type": "github"
      }
    },
    "eww": {
      "inputs": {
        "flake-compat": "flake-compat",
        "nixpkgs": [
          "nixpkgs"
        ],
        "rust-overlay": [
          "rust-overlay"
        ]
      },
      "locked": {
        "lastModified": 1745707665,
        "narHash": "sha256-1ogeLQ92fjSbyVdilQNxI7kxNP9aAH44HyTsbiN/a/c=",
        "owner": "elkowar",
        "repo": "eww",
        "rev": "c999033c297582cd56b57d2a6062bfd36cc1dfed",
        "type": "github"
      },
      "original": {
        "owner": "elkowar",
        "repo": "eww",
        "type": "github"
      }
    },
    "fenix": {
      "inputs": {
        "nixpkgs": [
          "alejandra",
          "nixpkgs"
        ],
        "rust-analyzer-src": "rust-analyzer-src"
      },
      "locked": {
        "lastModified": 1730615655,
        "narHash": "sha256-2HBR3zLn57LXKNRtxBb+O+uDqHM4n0pz51rPayMl4cg=",
        "owner": "nix-community",
        "repo": "fenix",
        "rev": "efeb50e2535b17ffd4a135e6e3e5fd60a525180c",
        "type": "github"
      },
      "original": {
        "owner": "nix-community",
        "repo": "fenix",
        "type": "github"
      }
    },
    "fenix_2": {
      "inputs": {
        "nixpkgs": [
          "watch-battery",
          "alejandra",
          "nixpkgs"
        ],
        "rust-analyzer-src": "rust-analyzer-src_2"
      },
      "locked": {
        "lastModified": 1730615655,
        "narHash": "sha256-2HBR3zLn57LXKNRtxBb+O+uDqHM4n0pz51rPayMl4cg=",
        "owner": "nix-community",
        "repo": "fenix",
        "rev": "efeb50e2535b17ffd4a135e6e3e5fd60a525180c",
        "type": "github"
      },
      "original": {
        "owner": "nix-community",
        "repo": "fenix",
        "type": "github"
      }
    },
    "firefox-nightly": {
      "inputs": {
        "flake-compat": "flake-compat_2",
        "lib-aggregate": "lib-aggregate",
        "nixpkgs": [
          "nixpkgs"
        ]
      },
      "locked": {
        "lastModified": 1746202991,
        "narHash": "sha256-tPNEBlZtDKBW73/bT1/fSnEhSYIYRGbjfXFNxsl0Cc4=",
        "owner": "nix-community",
        "repo": "flake-firefox-nightly",
        "rev": "52070958ac795da24bca898211115c6dd2502c5b",
        "type": "github"
      },
      "original": {
        "owner": "nix-community",
        "repo": "flake-firefox-nightly",
        "type": "github"
      }
    },
    "fishDone": {
      "flake": false,
      "locked": {
        "lastModified": 1712867771,
        "narHash": "sha256-DMIRKRAVOn7YEnuAtz4hIxrU93ULxNoQhW6juxCoh4o=",
        "owner": "franciscolourenco",
        "repo": "done",
        "rev": "eb32ade85c0f2c68cbfcff3036756bbf27a4f366",
        "type": "github"
      },
      "original": {
        "owner": "franciscolourenco",
        "repo": "done",
        "type": "github"
      }
    },
    "flake-compat": {
      "locked": {
        "lastModified": 1709944340,
        "narHash": "sha256-xr54XK0SjczlUxRo5YwodibUSlpivS9bqHt8BNyWVQA=",
        "owner": "edolstra",
        "repo": "flake-compat",
        "rev": "baa7aa7bd0a570b3b9edd0b8da859fee3ffaa4d4",
        "type": "github"
      },
      "original": {
        "owner": "edolstra",
        "ref": "refs/pull/65/head",
        "repo": "flake-compat",
        "type": "github"
      }
    },
    "flake-compat_2": {
      "locked": {
        "lastModified": 1746162366,
        "narHash": "sha256-5SSSZ/oQkwfcAz/o/6TlejlVGqeK08wyREBQ5qFFPhM=",
        "owner": "nix-community",
        "repo": "flake-compat",
        "rev": "0f158086a2ecdbb138cd0429410e44994f1b7e4b",
        "type": "github"
      },
      "original": {
        "owner": "nix-community",
        "repo": "flake-compat",
        "type": "github"
      }
    },
    "flake-utils": {
      "inputs": {
        "systems": "systems"
      },
      "locked": {
        "lastModified": 1731533236,
        "narHash": "sha256-l0KFg5HjrsfsO/JpG+r7fRrqm12kzFHyUHqHCVpMMbI=",
        "owner": "numtide",
        "repo": "flake-utils",
        "rev": "11707dc2f618dd54ca8739b309ec4fc024de578b",
        "type": "github"
      },
      "original": {
        "owner": "numtide",
        "repo": "flake-utils",
        "type": "github"
      }
    },
    "flake-utils_2": {
      "locked": {
        "lastModified": 1667395993,
        "narHash": "sha256-nuEHfE/LcWyuSWnS8t12N1wc105Qtau+/OdUAjtQ0rA=",
        "owner": "numtide",
        "repo": "flake-utils",
        "rev": "5aed5285a952e0b949eb3ba02c12fa4fcfef535f",
        "type": "github"
      },
      "original": {
        "owner": "numtide",
        "repo": "flake-utils",
        "type": "github"
      }
    },
    "flakeCompat": {
      "flake": false,
      "locked": {
        "lastModified": 1696426674,
        "narHash": "sha256-kvjfFW7WAETZlt09AgDn1MrtKzP7t90Vf7vypd3OL1U=",
        "owner": "edolstra",
        "repo": "flake-compat",
        "rev": "0f9255e01c2351cc7d116c072cb317785dd33b33",
        "type": "github"
      },
      "original": {
        "owner": "edolstra",
        "repo": "flake-compat",
        "type": "github"
      }
    },
    "flakeCompat_2": {
      "flake": false,
      "locked": {
        "lastModified": 1696426674,
        "narHash": "sha256-kvjfFW7WAETZlt09AgDn1MrtKzP7t90Vf7vypd3OL1U=",
        "owner": "edolstra",
        "repo": "flake-compat",
        "rev": "0f9255e01c2351cc7d116c072cb317785dd33b33",
        "type": "github"
      },
      "original": {
        "owner": "edolstra",
        "repo": "flake-compat",
        "type": "github"
      }
    },
    "helixSrc": {
      "flake": false,
      "locked": {
        "lastModified": 1746366748,
        "narHash": "sha256-B5ZgBuSwKJjCAzjQdyf5ZlKgS/BCEAsDwM4hOpkCTOs=",
        "owner": "helix-editor",
        "repo": "helix",
        "rev": "72932a391b342d101951cf3f3280498413221c80",
        "type": "github"
      },
      "original": {
        "owner": "helix-editor",
        "repo": "helix",
        "type": "github"
      }
    },
    "kitty": {
      "flake": false,
      "locked": {
        "lastModified": 1746326224,
        "narHash": "sha256-YKXpv94VIegTXd9FSXHc5hwxZsBw5+WSpayQl+Jgbk4=",
        "owner": "kovidgoyal",
        "repo": "kitty",
        "rev": "eb7ca8902b0ab3c66dfdb0ca27131e1418634567",
        "type": "github"
      },
      "original": {
        "owner": "kovidgoyal",
        "repo": "kitty",
        "type": "github"
      }
    },
    "lib-aggregate": {
      "inputs": {
        "flake-utils": "flake-utils",
        "nixpkgs-lib": "nixpkgs-lib"
      },
      "locked": {
        "lastModified": 1745756032,
        "narHash": "sha256-OGh8iF95pRSnbiRQNExeY4hu0Hj2ZOMifa1AvFdd5mw=",
        "owner": "nix-community",
        "repo": "lib-aggregate",
        "rev": "97ab82e854769f3534e4ad0101a0e9ee75c44e19",
        "type": "github"
      },
      "original": {
        "owner": "nix-community",
        "repo": "lib-aggregate",
        "type": "github"
      }
    },
    "mozilla": {
      "locked": {
        "lastModified": 1744624473,
        "narHash": "sha256-S6zT/w5SyAkJ//dYdjbrXgm+6Vkd/k7qqUl4WgZ6jjk=",
        "owner": "mozilla",
        "repo": "nixpkgs-mozilla",
        "rev": "2292d4b35aa854e312ad2e95c4bb5c293656f21a",
        "type": "github"
      },
      "original": {
        "owner": "mozilla",
        "repo": "nixpkgs-mozilla",
        "type": "github"
      }
    },
    "nixpkgs": {
      "locked": {
        "lastModified": 1746300365,
        "narHash": "sha256-thYTdWqCRipwPRxWiTiH1vusLuAy0okjOyzRx4hLWh4=",
        "owner": "NixOS",
        "repo": "nixpkgs",
        "rev": "f21e4546e3ede7ae34d12a84602a22246b31f7e0",
        "type": "github"
      },
      "original": {
        "owner": "NixOS",
        "ref": "nixpkgs-unstable",
        "repo": "nixpkgs",
        "type": "github"
      }
    },
    "nixpkgs-lib": {
      "locked": {
        "lastModified": 1745716251,
        "narHash": "sha256-fI6UzabnzH2mU8e3c5fZPQiWziGERhexCMmS8Vv5ytI=",
        "owner": "nix-community",
        "repo": "nixpkgs.lib",
        "rev": "25999e7d9c47c384675bea8478c66386a9be9c65",
        "type": "github"
      },
      "original": {
        "owner": "nix-community",
        "repo": "nixpkgs.lib",
        "type": "github"
      }
    },
    "root": {
      "inputs": {
        "alejandra": "alejandra",
        "catppuccin-cava": "catppuccin-cava",
        "catppuccin-i3": "catppuccin-i3",
        "eww": "eww",
        "firefox-nightly": "firefox-nightly",
        "fishDone": "fishDone",
        "helixSrc": "helixSrc",
        "kitty": "kitty",
        "mozilla": "mozilla",
        "nixpkgs": "nixpkgs",
        "rust-overlay": "rust-overlay",
        "swww": "swww",
        "tokyonight": "tokyonight",
        "watch-battery": "watch-battery",
        "yofi": "yofi"
      }
    },
    "rust-analyzer-src": {
      "flake": false,
      "locked": {
        "lastModified": 1730555913,
        "narHash": "sha256-KNHZUlqsEibg3YtfUyOFQSofP8hp1HKoY+laoesBxRM=",
        "owner": "rust-lang",
        "repo": "rust-analyzer",
        "rev": "f17a5bbfd0969ba2e63a74505a80e55ecb174ed9",
        "type": "github"
      },
      "original": {
        "owner": "rust-lang",
        "ref": "nightly",
        "repo": "rust-analyzer",
        "type": "github"
      }
    },
    "rust-analyzer-src_2": {
      "flake": false,
      "locked": {
        "lastModified": 1730555913,
        "narHash": "sha256-KNHZUlqsEibg3YtfUyOFQSofP8hp1HKoY+laoesBxRM=",
        "owner": "rust-lang",
        "repo": "rust-analyzer",
        "rev": "f17a5bbfd0969ba2e63a74505a80e55ecb174ed9",
        "type": "github"
      },
      "original": {
        "owner": "rust-lang",
        "ref": "nightly",
        "repo": "rust-analyzer",
        "type": "github"
      }
    },
    "rust-overlay": {
      "inputs": {
        "nixpkgs": [
          "nixpkgs"
        ]
      },
      "locked": {
        "lastModified": 1746326315,
        "narHash": "sha256-IDqSls/r6yBfdOBRSMQ/noTUoigmsKnTQ7TqpsBtN4Y=",
        "owner": "oxalica",
        "repo": "rust-overlay",
        "rev": "dd280c436961ec5adccf0135efe5b66a23d84497",
        "type": "github"
      },
      "original": {
        "owner": "oxalica",
        "repo": "rust-overlay",
        "type": "github"
      }
    },
    "rust-overlay_2": {
      "inputs": {
        "nixpkgs": [
          "watch-battery",
          "nixpkgs"
        ]
      },
      "locked": {
        "lastModified": 1746326315,
        "narHash": "sha256-IDqSls/r6yBfdOBRSMQ/noTUoigmsKnTQ7TqpsBtN4Y=",
        "owner": "oxalica",
        "repo": "rust-overlay",
        "rev": "dd280c436961ec5adccf0135efe5b66a23d84497",
        "type": "github"
      },
      "original": {
        "owner": "oxalica",
        "repo": "rust-overlay",
        "type": "github"
      }
    },
    "swww": {
      "flake": false,
      "locked": {
        "lastModified": 1743698693,
        "narHash": "sha256-h+hBelFhaf3NIwjxBjUWco+hhvO5xwzdcWaPtBWWweI=",
        "owner": "horus645",
        "repo": "swww",
        "rev": "3e2ea80f7beda0d222db5acaf768efbc3800aee9",
        "type": "github"
      },
      "original": {
        "owner": "horus645",
        "repo": "swww",
        "type": "github"
      }
    },
    "systems": {
      "locked": {
        "lastModified": 1681028828,
        "narHash": "sha256-Vy1rq5AaRuLzOxct8nz4T6wlgyUR7zLU309k9mBC768=",
        "owner": "nix-systems",
        "repo": "default",
        "rev": "da67096a3b9bf56a91d16901293e51ba5b49a27e",
        "type": "github"
      },
      "original": {
        "owner": "nix-systems",
        "repo": "default",
        "type": "github"
      }
    },
    "tokyonight": {
      "flake": false,
      "locked": {
        "lastModified": 1739909711,
        "narHash": "sha256-1xZhQR1BhH2eqax0swlNtnPWIEUTxSOab6sQ3Fv9WQA=",
        "owner": "folke",
        "repo": "tokyonight.nvim",
        "rev": "057ef5d260c1931f1dffd0f052c685dcd14100a3",
        "type": "github"
      },
      "original": {
        "owner": "folke",
        "repo": "tokyonight.nvim",
        "type": "github"
      }
    },
    "watch-battery": {
      "inputs": {
        "advisory-db": "advisory-db",
        "alejandra": "alejandra_2",
        "crane": "crane",
        "nixpkgs": [
          "nixpkgs"
        ],
        "rust-overlay": "rust-overlay_2"
      },
      "locked": {
        "lastModified": 1746380564,
        "narHash": "sha256-pIwovQPo1v2R7n8mAnYLt9F/RC8mJZr1MN+b8jHjRcU=",
        "ref": "refs/heads/main",
        "rev": "a055e40747bbb3c6ae76e643b1bdc62d64d4b99a",
        "revCount": 73,
        "type": "git",
        "url": "https://git.ashwalker.net/ash/watch-battery"
      },
      "original": {
        "type": "git",
        "url": "https://git.ashwalker.net/ash/watch-battery"
      }
    },
    "yofi": {
      "inputs": {
        "flake-utils": "flake-utils_2",
        "nixpkgs": [
          "nixpkgs"
        ]
      },
      "locked": {
        "lastModified": 1710116014,
        "narHash": "sha256-cepAZyA4RBgqeF20g6YOlZTM0aRqErw17yuQ3U24UEg=",
        "owner": "l4l",
        "repo": "yofi",
        "rev": "be3e9dc462af415b9da46c1df98ebc8af957f838",
        "type": "github"
      },
      "original": {
        "owner": "l4l",
        "ref": "0.2.2",
        "repo": "yofi",
        "type": "github"
      }
    }
  },
  "root": "root",
  "version": 7
}
